// !$*UTF8*$!
{
	archiveVersion = 1;
	classes = {
	};
	objectVersion = 51;
	objects = {

/* Begin PBXBuildFile section */
		0511FCC223866C7B00632C04 /* NoteTableViewCell.swift in Sources */ = {isa = PBXBuildFile; fileRef = 0511FCC023866C7B00632C04 /* NoteTableViewCell.swift */; };
		0511FCC323866C7B00632C04 /* NoteTableViewCell.xib in Resources */ = {isa = PBXBuildFile; fileRef = 0511FCC123866C7B00632C04 /* NoteTableViewCell.xib */; };
		0511FCC72386738D00632C04 /* NotesItem.swift in Sources */ = {isa = PBXBuildFile; fileRef = 0511FCC62386738D00632C04 /* NotesItem.swift */; };
		0511FCCA2386782800632C04 /* RealmManager.swift in Sources */ = {isa = PBXBuildFile; fileRef = 0511FCC92386782800632C04 /* RealmManager.swift */; };
		05C084082386644100E3871B /* AppDelegate.swift in Sources */ = {isa = PBXBuildFile; fileRef = 05C084072386644100E3871B /* AppDelegate.swift */; };
		05C0840A2386644100E3871B /* ViewController.swift in Sources */ = {isa = PBXBuildFile; fileRef = 05C084092386644100E3871B /* ViewController.swift */; };
		05C0840D2386644100E3871B /* Main.storyboard in Resources */ = {isa = PBXBuildFile; fileRef = 05C0840B2386644100E3871B /* Main.storyboard */; };
		05C0840F2386644700E3871B /* Assets.xcassets in Resources */ = {isa = PBXBuildFile; fileRef = 05C0840E2386644600E3871B /* Assets.xcassets */; };
		05C084122386644700E3871B /* LaunchScreen.storyboard in Resources */ = {isa = PBXBuildFile; fileRef = 05C084102386644700E3871B /* LaunchScreen.storyboard */; };
		AB3F275BE3D274839A94D6EE /* Pods_RealmSample.framework in Frameworks */ = {isa = PBXBuildFile; fileRef = 582A1BF3FB460B55D8BD16EA /* Pods_RealmSample.framework */; };
/* End PBXBuildFile section */

/* Begin PBXFileReference section */
		0511FCC023866C7B00632C04 /* NoteTableViewCell.swift */ = {isa = PBXFileReference; lastKnownFileType = sourcecode.swift; path = NoteTableViewCell.swift; sourceTree = "<group>"; };
		0511FCC123866C7B00632C04 /* NoteTableViewCell.xib */ = {isa = PBXFileReference; lastKnownFileType = file.xib; path = NoteTableViewCell.xib; sourceTree = "<group>"; };
		0511FCC62386738D00632C04 /* NotesItem.swift */ = {isa = PBXFileReference; lastKnownFileType = sourcecode.swift; path = NotesItem.swift; sourceTree = "<group>"; };
		0511FCC92386782800632C04 /* RealmManager.swift */ = {isa = PBXFileReference; lastKnownFileType = sourcecode.swift; path = RealmManager.swift; sourceTree = "<group>"; };
		05C084042386644100E3871B /* RealmSample.app */ = {isa = PBXFileReference; explicitFileType = wrapper.application; includeInIndex = 0; path = RealmSample.app; sourceTree = BUILT_PRODUCTS_DIR; };
		05C084072386644100E3871B /* AppDelegate.swift */ = {isa = PBXFileReference; lastKnownFileType = sourcecode.swift; path = AppDelegate.swift; sourceTree = "<group>"; };
		05C084092386644100E3871B /* ViewController.swift */ = {isa = PBXFileReference; lastKnownFileType = sourcecode.swift; path = ViewController.swift; sourceTree = "<group>"; };
		05C0840C2386644100E3871B /* Base */ = {isa = PBXFileReference; lastKnownFileType = file.storyboard; name = Base; path = Base.lproj/Main.storyboard; sourceTree = "<group>"; };
		05C0840E2386644600E3871B /* Assets.xcassets */ = {isa = PBXFileReference; lastKnownFileType = folder.assetcatalog; path = Assets.xcassets; sourceTree = "<group>"; };
		05C084112386644700E3871B /* Base */ = {isa = PBXFileReference; lastKnownFileType = file.storyboard; name = Base; path = Base.lproj/LaunchScreen.storyboard; sourceTree = "<group>"; };
		05C084132386644700E3871B /* Info.plist */ = {isa = PBXFileReference; lastKnownFileType = text.plist.xml; path = Info.plist; sourceTree = "<group>"; };
		582A1BF3FB460B55D8BD16EA /* Pods_RealmSample.framework */ = {isa = PBXFileReference; explicitFileType = wrapper.framework; includeInIndex = 0; path = Pods_RealmSample.framework; sourceTree = BUILT_PRODUCTS_DIR; };
		A588C101F1A8BA0E0731886D /* Pods-RealmSample.release.xcconfig */ = {isa = PBXFileReference; includeInIndex = 1; lastKnownFileType = text.xcconfig; name = "Pods-RealmSample.release.xcconfig"; path = "Target Support Files/Pods-RealmSample/Pods-RealmSample.release.xcconfig"; sourceTree = "<group>"; };
		CA317955554ABD3BF750B6ED /* Pods-RealmSample.debug.xcconfig */ = {isa = PBXFileReference; includeInIndex = 1; lastKnownFileType = text.xcconfig; name = "Pods-RealmSample.debug.xcconfig"; path = "Target Support Files/Pods-RealmSample/Pods-RealmSample.debug.xcconfig"; sourceTree = "<group>"; };
/* End PBXFileReference section */

/* Begin PBXFrameworksBuildPhase section */
		05C084012386644100E3871B /* Frameworks */ = {
			isa = PBXFrameworksBuildPhase;
			buildActionMask = 2147483647;
			files = (
				AB3F275BE3D274839A94D6EE /* Pods_RealmSample.framework in Frameworks */,
			);
			runOnlyForDeploymentPostprocessing = 0;
		};
/* End PBXFrameworksBuildPhase section */

/* Begin PBXGroup section */
		0511FCBF23866C6B00632C04 /* Cell */ = {
			isa = PBXGroup;
			children = (
				0511FCC023866C7B00632C04 /* NoteTableViewCell.swift */,
				0511FCC123866C7B00632C04 /* NoteTableViewCell.xib */,
			);
			path = Cell;
			sourceTree = "<group>";
		};
		0511FCC42386717F00632C04 /* Database */ = {
			isa = PBXGroup;
			children = (
				0511FCC82386781D00632C04 /* Manager */,
				0511FCC52386737F00632C04 /* Objects */,
			);
			path = Database;
			sourceTree = "<group>";
		};
		0511FCC52386737F00632C04 /* Objects */ = {
			isa = PBXGroup;
			children = (
				0511FCC62386738D00632C04 /* NotesItem.swift */,
			);
			path = Objects;
			sourceTree = "<group>";
		};
		0511FCC82386781D00632C04 /* Manager */ = {
			isa = PBXGroup;
			children = (
				0511FCC92386782800632C04 /* RealmManager.swift */,
			);
			path = Manager;
			sourceTree = "<group>";
		};
		05C083FB2386644000E3871B = {
			isa = PBXGroup;
			children = (
				05C084062386644100E3871B /* RealmSample */,
				05C084052386644100E3871B /* Products */,
				10AC39CEDD5DD9031887A2D3 /* Pods */,
				28322C1C2CCFD64635F98F50 /* Frameworks */,
			);
			sourceTree = "<group>";
		};
		05C084052386644100E3871B /* Products */ = {
			isa = PBXGroup;
			children = (
				05C084042386644100E3871B /* RealmSample.app */,
			);
			name = Products;
			sourceTree = "<group>";
		};
		05C084062386644100E3871B /* RealmSample */ = {
			isa = PBXGroup;
			children = (
				0511FCC42386717F00632C04 /* Database */,
				0511FCBF23866C6B00632C04 /* Cell */,
				05C084072386644100E3871B /* AppDelegate.swift */,
				05C084092386644100E3871B /* ViewController.swift */,
				05C0840B2386644100E3871B /* Main.storyboard */,
				05C0840E2386644600E3871B /* Assets.xcassets */,
				05C084102386644700E3871B /* LaunchScreen.storyboard */,
				05C084132386644700E3871B /* Info.plist */,
			);
			path = RealmSample;
			sourceTree = "<group>";
		};
		10AC39CEDD5DD9031887A2D3 /* Pods */ = {
			isa = PBXGroup;
			children = (
				CA317955554ABD3BF750B6ED /* Pods-RealmSample.debug.xcconfig */,
				A588C101F1A8BA0E0731886D /* Pods-RealmSample.release.xcconfig */,
			);
			path = Pods;
			sourceTree = "<group>";
		};
		28322C1C2CCFD64635F98F50 /* Frameworks */ = {
			isa = PBXGroup;
			children = (
				582A1BF3FB460B55D8BD16EA /* Pods_RealmSample.framework */,
			);
			name = Frameworks;
			sourceTree = "<group>";
		};
/* End PBXGroup section */

/* Begin PBXNativeTarget section */
		05C084032386644100E3871B /* RealmSample */ = {
			isa = PBXNativeTarget;
			buildConfigurationList = 05C084162386644700E3871B /* Build configuration list for PBXNativeTarget "RealmSample" */;
			buildPhases = (
				7BE5E3F532E57AD6D0C8AB4B /* [CP] Check Pods Manifest.lock */,
				05C084002386644100E3871B /* Sources */,
				05C084012386644100E3871B /* Frameworks */,
				05C084022386644100E3871B /* Resources */,
				903D8BC9BD573DB60D2F127D /* [CP] Embed Pods Frameworks */,
			);
			buildRules = (
			);
			dependencies = (
			);
			name = RealmSample;
			productName = RealmSample;
			productReference = 05C084042386644100E3871B /* RealmSample.app */;
			productType = "com.apple.product-type.application";
		};
/* End PBXNativeTarget section */

/* Begin PBXProject section */
		05C083FC2386644000E3871B /* Project object */ = {
			isa = PBXProject;
			attributes = {
				LastSwiftUpdateCheck = 1020;
				LastUpgradeCheck = 1020;
				ORGANIZATIONNAME = "Ganesh Manickam";
				TargetAttributes = {
					05C084032386644100E3871B = {
						CreatedOnToolsVersion = 10.2.1;
					};
				};
			};
			buildConfigurationList = 05C083FF2386644000E3871B /* Build configuration list for PBXProject "RealmSample" */;
			compatibilityVersion = "Xcode 9.3";
			developmentRegion = en;
			hasScannedForEncodings = 0;
			knownRegions = (
				en,
				Base,
			);
			mainGroup = 05C083FB2386644000E3871B;
			productRefGroup = 05C084052386644100E3871B /* Products */;
			projectDirPath = "";
			projectRoot = "";
			targets = (
				05C084032386644100E3871B /* RealmSample */,
			);
		};
/* End PBXProject section */

/* Begin PBXResourcesBuildPhase section */
		05C084022386644100E3871B /* Resources */ = {
			isa = PBXResourcesBuildPhase;
			buildActionMask = 2147483647;
			files = (
				05C084122386644700E3871B /* LaunchScreen.storyboard in Resources */,
				05C0840F2386644700E3871B /* Assets.xcassets in Resources */,
				05C0840D2386644100E3871B /* Main.storyboard in Resources */,
				0511FCC323866C7B00632C04 /* NoteTableViewCell.xib in Resources */,
			);
			runOnlyForDeploymentPostprocessing = 0;
		};
/* End PBXResourcesBuildPhase section */

/* Begin PBXShellScriptBuildPhase section */
		7BE5E3F532E57AD6D0C8AB4B /* [CP] Check Pods Manifest.lock */ = {
			isa = PBXShellScriptBuildPhase;
			buildActionMask = 2147483647;
			files = (
			);
			inputFileListPaths = (
			);
			inputPaths = (
				"${PODS_PODFILE_DIR_PATH}/Podfile.lock",
				"${PODS_ROOT}/Manifest.lock",
			);
			name = "[CP] Check Pods Manifest.lock";
			outputFileListPaths = (
			);
			outputPaths = (
				"$(DERIVED_FILE_DIR)/Pods-RealmSample-checkManifestLockResult.txt",
			);
			runOnlyForDeploymentPostprocessing = 0;
			shellPath = /bin/sh;
			shellScript = "diff \"${PODS_PODFILE_DIR_PATH}/Podfile.lock\" \"${PODS_ROOT}/Manifest.lock\" > /dev/null\nif [ $? != 0 ] ; then\n    # print error to STDERR\n    echo \"error: The sandbox is not in sync with the Podfile.lock. Run 'pod install' or update your CocoaPods installation.\" >&2\n    exit 1\nfi\n# This output is used by Xcode 'outputs' to avoid re-running this script phase.\necho \"SUCCESS\" > \"${SCRIPT_OUTPUT_FILE_0}\"\n";
			showEnvVarsInLog = 0;
		};
		903D8BC9BD573DB60D2F127D /* [CP] Embed Pods Frameworks */ = {
			isa = PBXShellScriptBuildPhase;
			buildActionMask = 2147483647;
			files = (
			);
			inputFileListPaths = (
				"${PODS_ROOT}/Target Support Files/Pods-RealmSample/Pods-RealmSample-frameworks-${CONFIGURATION}-input-files.xcfilelist",
			);
			name = "[CP] Embed Pods Frameworks";
			outputFileListPaths = (
				"${PODS_ROOT}/Target Support Files/Pods-RealmSample/Pods-RealmSample-frameworks-${CONFIGURATION}-output-files.xcfilelist",
			);
			runOnlyForDeploymentPostprocessing = 0;
			shellPath = /bin/sh;
			shellScript = "\"${PODS_ROOT}/Target Support Files/Pods-RealmSample/Pods-RealmSample-frameworks.sh\"\n";
			showEnvVarsInLog = 0;
		};
/* End PBXShellScriptBuildPhase section */

/* Begin PBXSourcesBuildPhase section */
		05C084002386644100E3871B /* Sources */ = {
			isa = PBXSourcesBuildPhase;
			buildActionMask = 2147483647;
			files = (
				05C0840A2386644100E3871B /* ViewController.swift in Sources */,
				05C084082386644100E3871B /* AppDelegate.swift in Sources */,
				0511FCCA2386782800632C04 /* RealmManager.swift in Sources */,
				0511FCC72386738D00632C04 /* NotesItem.swift in Sources */,
				0511FCC223866C7B00632C04 /* NoteTableViewCell.swift in Sources */,
			);
			runOnlyForDeploymentPostprocessing = 0;
		};
/* End PBXSourcesBuildPhase section */

/* Begin PBXVariantGroup section */
		05C0840B2386644100E3871B /* Main.storyboard */ = {
			isa = PBXVariantGroup;
			children = (
				05C0840C2386644100E3871B /* Base */,
			);
			name = Main.storyboard;
			sourceTree = "<group>";
		};
		05C084102386644700E3871B /* LaunchScreen.storyboard */ = {
			isa = PBXVariantGroup;
			children = (
				05C084112386644700E3871B /* Base */,
			);
			name = LaunchScreen.storyboard;
			sourceTree = "<group>";
		};
/* End PBXVariantGroup section */

/* Begin XCBuildConfiguration section */
		05C084142386644700E3871B /* Debug */ = {
			isa = XCBuildConfiguration;
			buildSettings = {
				ALWAYS_SEARCH_USER_PATHS = NO;
				CLANG_ANALYZER_NONNULL = YES;
				CLANG_ANALYZER_NUMBER_OBJECT_CONVERSION = YES_AGGRESSIVE;
				CLANG_CXX_LANGUAGE_STANDARD = "gnu++14";
				CLANG_CXX_LIBRARY = "libc++";
				CLANG_ENABLE_MODULES = YES;
				CLANG_ENABLE_OBJC_ARC = YES;
				CLANG_ENABLE_OBJC_WEAK = YES;
				CLANG_WARN_BLOCK_CAPTURE_AUTORELEASING = YES;
				CLANG_WARN_BOOL_CONVERSION = YES;
				CLANG_WARN_COMMA = YES;
				CLANG_WARN_CONSTANT_CONVERSION = YES;
				CLANG_WARN_DEPRECATED_OBJC_IMPLEMENTATIONS = YES;
				CLANG_WARN_DIRECT_OBJC_ISA_USAGE = YES_ERROR;
				CLANG_WARN_DOCUMENTATION_COMMENTS = YES;
				CLANG_WARN_EMPTY_BODY = YES;
				CLANG_WARN_ENUM_CONVERSION = YES;
				CLANG_WARN_INFINITE_RECURSION = YES;
				CLANG_WARN_INT_CONVERSION = YES;
				CLANG_WARN_NON_LITERAL_NULL_CONVERSION = YES;
				CLANG_WARN_OBJC_IMPLICIT_RETAIN_SELF = YES;
				CLANG_WARN_OBJC_LITERAL_CONVERSION = YES;
				CLANG_WARN_OBJC_ROOT_CLASS = YES_ERROR;
				CLANG_WARN_RANGE_LOOP_ANALYSIS = YES;
				CLANG_WARN_STRICT_PROTOTYPES = YES;
				CLANG_WARN_SUSPICIOUS_MOVE = YES;
				CLANG_WARN_UNGUARDED_AVAILABILITY = YES_AGGRESSIVE;
				CLANG_WARN_UNREACHABLE_CODE = YES;
				CLANG_WARN__DUPLICATE_METHOD_MATCH = YES;
				CODE_SIGN_IDENTITY = "iPhone Developer";
				COPY_PHASE_STRIP = NO;
				DEBUG_INFORMATION_FORMAT = dwarf;
				ENABLE_STRICT_OBJC_MSGSEND = YES;
				ENABLE_TESTABILITY = YES;
				GCC_C_LANGUAGE_STANDARD = gnu11;
				GCC_DYNAMIC_NO_PIC = NO;
				GCC_NO_COMMON_BLOCKS = YES;
				GCC_OPTIMIZATION_LEVEL = 0;
				GCC_PREPROCESSOR_DEFINITIONS = (
					"DEBUG=1",
					"$(inherited)",
				);
				GCC_WARN_64_TO_32_BIT_CONVERSION = YES;
				GCC_WARN_ABOUT_RETURN_TYPE = YES_ERROR;
				GCC_WARN_UNDECLARED_SELECTOR = YES;
				GCC_WARN_UNINITIALIZED_AUTOS = YES_AGGRESSIVE;
				GCC_WARN_UNUSED_FUNCTION = YES;
				GCC_WARN_UNUSED_VARIABLE = YES;
				IPHONEOS_DEPLOYMENT_TARGET = 12.2;
				MTL_ENABLE_DEBUG_INFO = INCLUDE_SOURCE;
				MTL_FAST_MATH = YES;
				ONLY_ACTIVE_ARCH = YES;
				SDKROOT = iphoneos;
				SWIFT_ACTIVE_COMPILATION_CONDITIONS = DEBUG;
				SWIFT_OPTIMIZATION_LEVEL = "-Onone";
			};
			name = Debug;
		};
		05C084152386644700E3871B /* Release */ = {
			isa = XCBuildConfiguration;
			buildSettings = {
				ALWAYS_SEARCH_USER_PATHS = NO;
				CLANG_ANALYZER_NONNULL = YES;
				CLANG_ANALYZER_NUMBER_OBJECT_CONVERSION = YES_AGGRESSIVE;
				CLANG_CXX_LANGUAGE_STANDARD = "gnu++14";
				CLANG_CXX_LIBRARY = "libc++";
				CLANG_ENABLE_MODULES = YES;
				CLANG_ENABLE_OBJC_ARC = YES;
				CLANG_ENABLE_OBJC_WEAK = YES;
				CLANG_WARN_BLOCK_CAPTURE_AUTORELEASING = YES;
				CLANG_WARN_BOOL_CONVERSION = YES;
				CLANG_WARN_COMMA = YES;
				CLANG_WARN_CONSTANT_CONVERSION = YES;
				CLANG_WARN_DEPRECATED_OBJC_IMPLEMENTATIONS = YES;
				CLANG_WARN_DIRECT_OBJC_ISA_USAGE = YES_ERROR;
				CLANG_WARN_DOCUMENTATION_COMMENTS = YES;
				CLANG_WARN_EMPTY_BODY = YES;
				CLANG_WARN_ENUM_CONVERSION = YES;
				CLANG_WARN_INFINITE_RECURSION = YES;
				CLANG_WARN_INT_CONVERSION = YES;
				CLANG_WARN_NON_LITERAL_NULL_CONVERSION = YES;
				CLANG_WARN_OBJC_IMPLICIT_RETAIN_SELF = YES;
				CLANG_WARN_OBJC_LITERAL_CONVERSION = YES;
				CLANG_WARN_OBJC_ROOT_CLASS = YES_ERROR;
				CLANG_WARN_RANGE_LOOP_ANALYSIS = YES;
				CLANG_WARN_STRICT_PROTOTYPES = YES;
				CLANG_WARN_SUSPICIOUS_MOVE = YES;
				CLANG_WARN_UNGUARDED_AVAILABILITY = YES_AGGRESSIVE;
				CLANG_WARN_UNREACHABLE_CODE = YES;
				CLANG_WARN__DUPLICATE_METHOD_MATCH = YES;
				CODE_SIGN_IDENTITY = "iPhone Developer";
				COPY_PHASE_STRIP = NO;
				DEBUG_INFORMATION_FORMAT = "dwarf-with-dsym";
				ENABLE_NS_ASSERTIONS = NO;
				ENABLE_STRICT_OBJC_MSGSEND = YES;
				GCC_C_LANGUAGE_STANDARD = gnu11;
				GCC_NO_COMMON_BLOCKS = YES;
				GCC_WARN_64_TO_32_BIT_CONVERSION = YES;
				GCC_WARN_ABOUT_RETURN_TYPE = YES_ERROR;
				GCC_WARN_UNDECLARED_SELECTOR = YES;
				GCC_WARN_UNINITIALIZED_AUTOS = YES_AGGRESSIVE;
				GCC_WARN_UNUSED_FUNCTION = YES;
				GCC_WARN_UNUSED_VARIABLE = YES;
				IPHONEOS_DEPLOYMENT_TARGET = 12.2;
				MTL_ENABLE_DEBUG_INFO = NO;
				MTL_FAST_MATH = YES;
				SDKROOT = iphoneos;
				SWIFT_COMPILATION_MODE = wholemodule;
				SWIFT_OPTIMIZATION_LEVEL = "-O";
				VALIDATE_PRODUCT = YES;
			};
			name = Release;
		};
		05C084172386644700E3871B /* Debug */ = {
			isa = XCBuildConfiguration;
			baseConfigurationReference = CA317955554ABD3BF750B6ED /* Pods-RealmSample.debug.xcconfig */;
			buildSettings = {
				ASSETCATALOG_COMPILER_APPICON_NAME = AppIcon;
				CODE_SIGN_STYLE = Manual;
				DEVELOPMENT_TEAM = "";
				INFOPLIST_FILE = RealmSample/Info.plist;
				LD_RUNPATH_SEARCH_PATHS = (
					"$(inherited)",
					"@executable_path/Frameworks",
				);
				PRODUCT_BUNDLE_IDENTIFIER = com.sample.RealmSample;
				PRODUCT_NAME = "$(TARGET_NAME)";
				PROVISIONING_PROFILE_SPECIFIER = "";
				SWIFT_VERSION = 5.0;
				TARGETED_DEVICE_FAMILY = "1,2";
			};
			name = Debug;
		};
		05C084182386644700E3871B /* Release */ = {
			isa = XCBuildConfiguration;
			baseConfigurationReference = A588C101F1A8BA0E0731886D /* Pods-RealmSample.release.xcconfig */;
			buildSettings = {
				ASSETCATALOG_COMPILER_APPICON_NAME = AppIcon;
				CODE_SIGN_STYLE = Manual;
				DEVELOPMENT_TEAM = "";
				INFOPLIST_FILE = RealmSample/Info.plist;
				LD_RUNPATH_SEARCH_PATHS = (
					"$(inherited)",
					"@executable_path/Frameworks",
				);
				PRODUCT_BUNDLE_IDENTIFIER = com.sample.RealmSample;
				PRODUCT_NAME = "$(TARGET_NAME)";
				PROVISIONING_PROFILE_SPECIFIER = "";
				SWIFT_VERSION = 5.0;
				TARGETED_DEVICE_FAMILY = "1,2";
			};
			name = Release;
		};
/* End XCBuildConfiguration section */

/* Begin XCConfigurationList section */
		05C083FF2386644000E3871B /* Build configuration list for PBXProject "RealmSample" */ = {
			isa = XCConfigurationList;
			buildConfigurations = (
				05C084142386644700E3871B /* Debug */,
				05C084152386644700E3871B /* Release */,
			);
			defaultConfigurationIsVisible = 0;
			defaultConfigurationName = Release;
		};
		05C084162386644700E3871B /* Build configuration list for PBXNativeTarget "RealmSample" */ = {
			isa = XCConfigurationList;
			buildConfigurations = (
				05C084172386644700E3871B /* Debug */,
				05C084182386644700E3871B /* Release */,
			);
			defaultConfigurationIsVisible = 0;
			defaultConfigurationName = Release;
		};
/* End XCConfigurationList section */
	};
	rootObject = 05C083FC2386644000E3871B /* Project object */;
}
